// !$*UTF8*$!
{
	archiveVersion = 1;
	classes = {
	};
	objectVersion = 56;
	objects = {

/* Begin PBXBuildFile section */
		183EE8B62A1FB35D0060B13C /* AppDelegate.swift in Sources */ = {isa = PBXBuildFile; fileRef = 183EE8B52A1FB35D0060B13C /* AppDelegate.swift */; };
		183EE8BC2A1FB35E0060B13C /* Assets.xcassets in Resources */ = {isa = PBXBuildFile; fileRef = 183EE8BB2A1FB35E0060B13C /* Assets.xcassets */; };
		183EE8BF2A1FB35E0060B13C /* Preview Assets.xcassets in Resources */ = {isa = PBXBuildFile; fileRef = 183EE8BE2A1FB35E0060B13C /* Preview Assets.xcassets */; };
		183EE8D82A1FB37D0060B13C /* stool_flower_pot.usdz in Resources */ = {isa = PBXBuildFile; fileRef = 183EE8C62A1FB37C0060B13C /* stool_flower_pot.usdz */; };
		183EE8D92A1FB37D0060B13C /* medieval_drawer.usdz in Resources */ = {isa = PBXBuildFile; fileRef = 183EE8C72A1FB37C0060B13C /* medieval_drawer.usdz */; };
		183EE8DA2A1FB37D0060B13C /* work_desk.usdz in Resources */ = {isa = PBXBuildFile; fileRef = 183EE8C82A1FB37C0060B13C /* work_desk.usdz */; };
		183EE8DB2A1FB37D0060B13C /* chair.usdz in Resources */ = {isa = PBXBuildFile; fileRef = 183EE8C92A1FB37C0060B13C /* chair.usdz */; };
		183EE8DC2A1FB37D0060B13C /* desk_lamp.usdz in Resources */ = {isa = PBXBuildFile; fileRef = 183EE8CA2A1FB37C0060B13C /* desk_lamp.usdz */; };
		183EE8DD2A1FB37D0060B13C /* bed.usdz in Resources */ = {isa = PBXBuildFile; fileRef = 183EE8CB2A1FB37C0060B13C /* bed.usdz */; };
		183EE8DE2A1FB37D0060B13C /* plant_in_vase.usdz in Resources */ = {isa = PBXBuildFile; fileRef = 183EE8CC2A1FB37C0060B13C /* plant_in_vase.usdz */; };
		183EE8DF2A1FB37D0060B13C /* soda_dispenser.usdz in Resources */ = {isa = PBXBuildFile; fileRef = 183EE8CD2A1FB37C0060B13C /* soda_dispenser.usdz */; };
		183EE8E02A1FB37D0060B13C /* plant_rhyzom.usdz in Resources */ = {isa = PBXBuildFile; fileRef = 183EE8CE2A1FB37C0060B13C /* plant_rhyzom.usdz */; };
		183EE8E12A1FB37D0060B13C /* floor_sign.usdz in Resources */ = {isa = PBXBuildFile; fileRef = 183EE8CF2A1FB37C0060B13C /* floor_sign.usdz */; };
		183EE8E22A1FB37D0060B13C /* table_set.usdz in Resources */ = {isa = PBXBuildFile; fileRef = 183EE8D02A1FB37C0060B13C /* table_set.usdz */; };
		183EE8E32A1FB37D0060B13C /* l_desk.usdz in Resources */ = {isa = PBXBuildFile; fileRef = 183EE8D12A1FB37C0060B13C /* l_desk.usdz */; };
		183EE8E42A1FB37D0060B13C /* coffee_machine.usdz in Resources */ = {isa = PBXBuildFile; fileRef = 183EE8D22A1FB37C0060B13C /* coffee_machine.usdz */; };
		183EE8E52A1FB37D0060B13C /* bunk_bed.usdz in Resources */ = {isa = PBXBuildFile; fileRef = 183EE8D32A1FB37C0060B13C /* bunk_bed.usdz */; };
		183EE8E62A1FB37D0060B13C /* ContentView.swift in Sources */ = {isa = PBXBuildFile; fileRef = 183EE8D42A1FB37C0060B13C /* ContentView.swift */; };
		183EE8E72A1FB37D0060B13C /* FocusARView.swift in Sources */ = {isa = PBXBuildFile; fileRef = 183EE8D52A1FB37C0060B13C /* FocusARView.swift */; };
		183EE8E82A1FB37D0060B13C /* Model.swift in Sources */ = {isa = PBXBuildFile; fileRef = 183EE8D62A1FB37D0060B13C /* Model.swift */; };
		183EE8EC2A1FB3C40060B13C /* FocusEntity in Frameworks */ = {isa = PBXBuildFile; productRef = 183EE8EB2A1FB3C40060B13C /* FocusEntity */; };
/* End PBXBuildFile section */

/* Begin PBXFileReference section */
		183EE8B22A1FB35D0060B13C /* iPurnicer.app */ = {isa = PBXFileReference; explicitFileType = wrapper.application; includeInIndex = 0; path = iPurnicer.app; sourceTree = BUILT_PRODUCTS_DIR; };
		183EE8B52A1FB35D0060B13C /* AppDelegate.swift */ = {isa = PBXFileReference; lastKnownFileType = sourcecode.swift; path = AppDelegate.swift; sourceTree = "<group>"; };
		183EE8BB2A1FB35E0060B13C /* Assets.xcassets */ = {isa = PBXFileReference; lastKnownFileType = folder.assetcatalog; path = Assets.xcassets; sourceTree = "<group>"; };
		183EE8BE2A1FB35E0060B13C /* Preview Assets.xcassets */ = {isa = PBXFileReference; lastKnownFileType = folder.assetcatalog; path = "Preview Assets.xcassets"; sourceTree = "<group>"; };
		183EE8C62A1FB37C0060B13C /* stool_flower_pot.usdz */ = {isa = PBXFileReference; lastKnownFileType = file.usdz; path = stool_flower_pot.usdz; sourceTree = "<group>"; };
		183EE8C72A1FB37C0060B13C /* medieval_drawer.usdz */ = {isa = PBXFileReference; lastKnownFileType = file.usdz; path = medieval_drawer.usdz; sourceTree = "<group>"; };
		183EE8C82A1FB37C0060B13C /* work_desk.usdz */ = {isa = PBXFileReference; lastKnownFileType = file.usdz; path = work_desk.usdz; sourceTree = "<group>"; };
		183EE8C92A1FB37C0060B13C /* chair.usdz */ = {isa = PBXFileReference; lastKnownFileType = file.usdz; path = chair.usdz; sourceTree = "<group>"; };
		183EE8CA2A1FB37C0060B13C /* desk_lamp.usdz */ = {isa = PBXFileReference; lastKnownFileType = file.usdz; path = desk_lamp.usdz; sourceTree = "<group>"; };
		183EE8CB2A1FB37C0060B13C /* bed.usdz */ = {isa = PBXFileReference; lastKnownFileType = file.usdz; path = bed.usdz; sourceTree = "<group>"; };
		183EE8CC2A1FB37C0060B13C /* plant_in_vase.usdz */ = {isa = PBXFileReference; lastKnownFileType = file.usdz; path = plant_in_vase.usdz; sourceTree = "<group>"; };
		183EE8CD2A1FB37C0060B13C /* soda_dispenser.usdz */ = {isa = PBXFileReference; lastKnownFileType = file.usdz; path = soda_dispenser.usdz; sourceTree = "<group>"; };
		183EE8CE2A1FB37C0060B13C /* plant_rhyzom.usdz */ = {isa = PBXFileReference; lastKnownFileType = file.usdz; path = plant_rhyzom.usdz; sourceTree = "<group>"; };
		183EE8CF2A1FB37C0060B13C /* floor_sign.usdz */ = {isa = PBXFileReference; lastKnownFileType = file.usdz; path = floor_sign.usdz; sourceTree = "<group>"; };
		183EE8D02A1FB37C0060B13C /* table_set.usdz */ = {isa = PBXFileReference; lastKnownFileType = file.usdz; path = table_set.usdz; sourceTree = "<group>"; };
		183EE8D12A1FB37C0060B13C /* l_desk.usdz */ = {isa = PBXFileReference; lastKnownFileType = file.usdz; path = l_desk.usdz; sourceTree = "<group>"; };
		183EE8D22A1FB37C0060B13C /* coffee_machine.usdz */ = {isa = PBXFileReference; lastKnownFileType = file.usdz; path = coffee_machine.usdz; sourceTree = "<group>"; };
		183EE8D32A1FB37C0060B13C /* bunk_bed.usdz */ = {isa = PBXFileReference; lastKnownFileType = file.usdz; path = bunk_bed.usdz; sourceTree = "<group>"; };
		183EE8D42A1FB37C0060B13C /* ContentView.swift */ = {isa = PBXFileReference; fileEncoding = 4; lastKnownFileType = sourcecode.swift; name = ContentView.swift; path = ../../LearnAR/LearnAR/ContentView.swift; sourceTree = "<group>"; };
		183EE8D52A1FB37C0060B13C /* FocusARView.swift */ = {isa = PBXFileReference; fileEncoding = 4; lastKnownFileType = sourcecode.swift; path = FocusARView.swift; sourceTree = "<group>"; };
		183EE8D62A1FB37D0060B13C /* Model.swift */ = {isa = PBXFileReference; fileEncoding = 4; lastKnownFileType = sourcecode.swift; path = Model.swift; sourceTree = "<group>"; };
/* End PBXFileReference section */

/* Begin PBXFrameworksBuildPhase section */
		183EE8AF2A1FB35D0060B13C /* Frameworks */ = {
			isa = PBXFrameworksBuildPhase;
			buildActionMask = 2147483647;
			files = (
				183EE8EC2A1FB3C40060B13C /* FocusEntity in Frameworks */,
			);
			runOnlyForDeploymentPostprocessing = 0;
		};
/* End PBXFrameworksBuildPhase section */

/* Begin PBXGroup section */
		183EE8A92A1FB35D0060B13C = {
			isa = PBXGroup;
			children = (
				183EE8B42A1FB35D0060B13C /* iPurnicer */,
				183EE8B32A1FB35D0060B13C /* Products */,
			);
			sourceTree = "<group>";
		};
		183EE8B32A1FB35D0060B13C /* Products */ = {
			isa = PBXGroup;
			children = (
				183EE8B22A1FB35D0060B13C /* iPurnicer.app */,
			);
			name = Products;
			sourceTree = "<group>";
		};
		183EE8B42A1FB35D0060B13C /* iPurnicer */ = {
			isa = PBXGroup;
			children = (
				183EE8B52A1FB35D0060B13C /* AppDelegate.swift */,
				183EE8D42A1FB37C0060B13C /* ContentView.swift */,
				183EE8D52A1FB37C0060B13C /* FocusARView.swift */,
				183EE8D62A1FB37D0060B13C /* Model.swift */,
				183EE8BB2A1FB35E0060B13C /* Assets.xcassets */,
				183EE8C52A1FB37C0060B13C /* ArModels */,
				183EE8BD2A1FB35E0060B13C /* Preview Content */,
			);
			path = iPurnicer;
			sourceTree = "<group>";
		};
		183EE8BD2A1FB35E0060B13C /* Preview Content */ = {
			isa = PBXGroup;
			children = (
				183EE8BE2A1FB35E0060B13C /* Preview Assets.xcassets */,
			);
			path = "Preview Content";
			sourceTree = "<group>";
		};
		183EE8C52A1FB37C0060B13C /* ArModels */ = {
			isa = PBXGroup;
			children = (
				183EE8C62A1FB37C0060B13C /* stool_flower_pot.usdz */,
				183EE8C72A1FB37C0060B13C /* medieval_drawer.usdz */,
				183EE8C82A1FB37C0060B13C /* work_desk.usdz */,
				183EE8C92A1FB37C0060B13C /* chair.usdz */,
				183EE8CA2A1FB37C0060B13C /* desk_lamp.usdz */,
				183EE8CB2A1FB37C0060B13C /* bed.usdz */,
				183EE8CC2A1FB37C0060B13C /* plant_in_vase.usdz */,
				183EE8CD2A1FB37C0060B13C /* soda_dispenser.usdz */,
				183EE8CE2A1FB37C0060B13C /* plant_rhyzom.usdz */,
				183EE8CF2A1FB37C0060B13C /* floor_sign.usdz */,
				183EE8D02A1FB37C0060B13C /* table_set.usdz */,
				183EE8D12A1FB37C0060B13C /* l_desk.usdz */,
				183EE8D22A1FB37C0060B13C /* coffee_machine.usdz */,
				183EE8D32A1FB37C0060B13C /* bunk_bed.usdz */,
			);
			path = ArModels;
			sourceTree = "<group>";
		};
/* End PBXGroup section */

/* Begin PBXNativeTarget section */
		183EE8B12A1FB35D0060B13C /* iPurnicer */ = {
			isa = PBXNativeTarget;
			buildConfigurationList = 183EE8C22A1FB35E0060B13C /* Build configuration list for PBXNativeTarget "iPurnicer" */;
			buildPhases = (
				183EE8AE2A1FB35D0060B13C /* Sources */,
				183EE8AF2A1FB35D0060B13C /* Frameworks */,
				183EE8B02A1FB35D0060B13C /* Resources */,
			);
			buildRules = (
			);
			dependencies = (
			);
			name = iPurnicer;
			packageProductDependencies = (
				183EE8EB2A1FB3C40060B13C /* FocusEntity */,
			);
			productName = iPurnicer;
			productReference = 183EE8B22A1FB35D0060B13C /* iPurnicer.app */;
			productType = "com.apple.product-type.application";
		};
/* End PBXNativeTarget section */

/* Begin PBXProject section */
		183EE8AA2A1FB35D0060B13C /* Project object */ = {
			isa = PBXProject;
			attributes = {
				BuildIndependentTargetsInParallel = 1;
				LastSwiftUpdateCheck = 1430;
				LastUpgradeCheck = 1430;
				TargetAttributes = {
					183EE8B12A1FB35D0060B13C = {
						CreatedOnToolsVersion = 14.3;
					};
				};
			};
			buildConfigurationList = 183EE8AD2A1FB35D0060B13C /* Build configuration list for PBXProject "iPurnicer" */;
			compatibilityVersion = "Xcode 14.0";
			developmentRegion = en;
			hasScannedForEncodings = 0;
			knownRegions = (
				en,
				Base,
			);
			mainGroup = 183EE8A92A1FB35D0060B13C;
			packageReferences = (
				183EE8EA2A1FB3C40060B13C /* XCRemoteSwiftPackageReference "FocusEntity" */,
			);
			productRefGroup = 183EE8B32A1FB35D0060B13C /* Products */;
			projectDirPath = "";
			projectRoot = "";
			targets = (
				183EE8B12A1FB35D0060B13C /* iPurnicer */,
			);
		};
/* End PBXProject section */

/* Begin PBXResourcesBuildPhase section */
		183EE8B02A1FB35D0060B13C /* Resources */ = {
			isa = PBXResourcesBuildPhase;
			buildActionMask = 2147483647;
			files = (
				183EE8BF2A1FB35E0060B13C /* Preview Assets.xcassets in Resources */,
				183EE8DE2A1FB37D0060B13C /* plant_in_vase.usdz in Resources */,
				183EE8DC2A1FB37D0060B13C /* desk_lamp.usdz in Resources */,
				183EE8E32A1FB37D0060B13C /* l_desk.usdz in Resources */,
				183EE8DB2A1FB37D0060B13C /* chair.usdz in Resources */,
				183EE8E42A1FB37D0060B13C /* coffee_machine.usdz in Resources */,
				183EE8DF2A1FB37D0060B13C /* soda_dispenser.usdz in Resources */,
				183EE8DA2A1FB37D0060B13C /* work_desk.usdz in Resources */,
				183EE8D82A1FB37D0060B13C /* stool_flower_pot.usdz in Resources */,
				183EE8E02A1FB37D0060B13C /* plant_rhyzom.usdz in Resources */,
				183EE8BC2A1FB35E0060B13C /* Assets.xcassets in Resources */,
				183EE8E52A1FB37D0060B13C /* bunk_bed.usdz in Resources */,
				183EE8E12A1FB37D0060B13C /* floor_sign.usdz in Resources */,
				183EE8E22A1FB37D0060B13C /* table_set.usdz in Resources */,
				183EE8D92A1FB37D0060B13C /* medieval_drawer.usdz in Resources */,
				183EE8DD2A1FB37D0060B13C /* bed.usdz in Resources */,
			);
			runOnlyForDeploymentPostprocessing = 0;
		};
/* End PBXResourcesBuildPhase section */

/* Begin PBXSourcesBuildPhase section */
		183EE8AE2A1FB35D0060B13C /* Sources */ = {
			isa = PBXSourcesBuildPhase;
			buildActionMask = 2147483647;
			files = (
				183EE8E82A1FB37D0060B13C /* Model.swift in Sources */,
				183EE8B62A1FB35D0060B13C /* AppDelegate.swift in Sources */,
				183EE8E72A1FB37D0060B13C /* FocusARView.swift in Sources */,
				183EE8E62A1FB37D0060B13C /* ContentView.swift in Sources */,
			);
			runOnlyForDeploymentPostprocessing = 0;
		};
/* End PBXSourcesBuildPhase section */

/* Begin XCBuildConfiguration section */
		183EE8C02A1FB35E0060B13C /* Debug */ = {
			isa = XCBuildConfiguration;
			buildSettings = {
				ALWAYS_SEARCH_USER_PATHS = NO;
				CLANG_ANALYZER_NONNULL = YES;
				CLANG_ANALYZER_NUMBER_OBJECT_CONVERSION = YES_AGGRESSIVE;
				CLANG_CXX_LANGUAGE_STANDARD = "gnu++20";
				CLANG_ENABLE_MODULES = YES;
				CLANG_ENABLE_OBJC_ARC = YES;
				CLANG_ENABLE_OBJC_WEAK = YES;
				CLANG_WARN_BLOCK_CAPTURE_AUTORELEASING = YES;
				CLANG_WARN_BOOL_CONVERSION = YES;
				CLANG_WARN_COMMA = YES;
				CLANG_WARN_CONSTANT_CONVERSION = YES;
				CLANG_WARN_DEPRECATED_OBJC_IMPLEMENTATIONS = YES;
				CLANG_WARN_DIRECT_OBJC_ISA_USAGE = YES_ERROR;
				CLANG_WARN_DOCUMENTATION_COMMENTS = YES;
				CLANG_WARN_EMPTY_BODY = YES;
				CLANG_WARN_ENUM_CONVERSION = YES;
				CLANG_WARN_INFINITE_RECURSION = YES;
				CLANG_WARN_INT_CONVERSION = YES;
				CLANG_WARN_NON_LITERAL_NULL_CONVERSION = YES;
				CLANG_WARN_OBJC_IMPLICIT_RETAIN_SELF = YES;
				CLANG_WARN_OBJC_LITERAL_CONVERSION = YES;
				CLANG_WARN_OBJC_ROOT_CLASS = YES_ERROR;
				CLANG_WARN_QUOTED_INCLUDE_IN_FRAMEWORK_HEADER = YES;
				CLANG_WARN_RANGE_LOOP_ANALYSIS = YES;
				CLANG_WARN_STRICT_PROTOTYPES = YES;
				CLANG_WARN_SUSPICIOUS_MOVE = YES;
				CLANG_WARN_UNGUARDED_AVAILABILITY = YES_AGGRESSIVE;
				CLANG_WARN_UNREACHABLE_CODE = YES;
				CLANG_WARN__DUPLICATE_METHOD_MATCH = YES;
				COPY_PHASE_STRIP = NO;
				DEBUG_INFORMATION_FORMAT = dwarf;
				ENABLE_STRICT_OBJC_MSGSEND = YES;
				ENABLE_TESTABILITY = YES;
				GCC_C_LANGUAGE_STANDARD = gnu11;
				GCC_DYNAMIC_NO_PIC = NO;
				GCC_NO_COMMON_BLOCKS = YES;
				GCC_OPTIMIZATION_LEVEL = 0;
				GCC_PREPROCESSOR_DEFINITIONS = (
					"DEBUG=1",
					"$(inherited)",
				);
				GCC_WARN_64_TO_32_BIT_CONVERSION = YES;
				GCC_WARN_ABOUT_RETURN_TYPE = YES_ERROR;
				GCC_WARN_UNDECLARED_SELECTOR = YES;
				GCC_WARN_UNINITIALIZED_AUTOS = YES_AGGRESSIVE;
				GCC_WARN_UNUSED_FUNCTION = YES;
				GCC_WARN_UNUSED_VARIABLE = YES;
				IPHONEOS_DEPLOYMENT_TARGET = 16.4;
				MTL_ENABLE_DEBUG_INFO = INCLUDE_SOURCE;
				MTL_FAST_MATH = YES;
				ONLY_ACTIVE_ARCH = YES;
				SDKROOT = iphoneos;
				SWIFT_ACTIVE_COMPILATION_CONDITIONS = DEBUG;
				SWIFT_OPTIMIZATION_LEVEL = "-Onone";
			};
			name = Debug;
		};
		183EE8C12A1FB35E0060B13C /* Release */ = {
			isa = XCBuildConfiguration;
			buildSettings = {
				ALWAYS_SEARCH_USER_PATHS = NO;
				CLANG_ANALYZER_NONNULL = YES;
				CLANG_ANALYZER_NUMBER_OBJECT_CONVERSION = YES_AGGRESSIVE;
				CLANG_CXX_LANGUAGE_STANDARD = "gnu++20";
				CLANG_ENABLE_MODULES = YES;
				CLANG_ENABLE_OBJC_ARC = YES;
				CLANG_ENABLE_OBJC_WEAK = YES;
				CLANG_WARN_BLOCK_CAPTURE_AUTORELEASING = YES;
				CLANG_WARN_BOOL_CONVERSION = YES;
				CLANG_WARN_COMMA = YES;
				CLANG_WARN_CONSTANT_CONVERSION = YES;
				CLANG_WARN_DEPRECATED_OBJC_IMPLEMENTATIONS = YES;
				CLANG_WARN_DIRECT_OBJC_ISA_USAGE = YES_ERROR;
				CLANG_WARN_DOCUMENTATION_COMMENTS = YES;
				CLANG_WARN_EMPTY_BODY = YES;
				CLANG_WARN_ENUM_CONVERSION = YES;
				CLANG_WARN_INFINITE_RECURSION = YES;
				CLANG_WARN_INT_CONVERSION = YES;
				CLANG_WARN_NON_LITERAL_NULL_CONVERSION = YES;
				CLANG_WARN_OBJC_IMPLICIT_RETAIN_SELF = YES;
				CLANG_WARN_OBJC_LITERAL_CONVERSION = YES;
				CLANG_WARN_OBJC_ROOT_CLASS = YES_ERROR;
				CLANG_WARN_QUOTED_INCLUDE_IN_FRAMEWORK_HEADER = YES;
				CLANG_WARN_RANGE_LOOP_ANALYSIS = YES;
				CLANG_WARN_STRICT_PROTOTYPES = YES;
				CLANG_WARN_SUSPICIOUS_MOVE = YES;
				CLANG_WARN_UNGUARDED_AVAILABILITY = YES_AGGRESSIVE;
				CLANG_WARN_UNREACHABLE_CODE = YES;
				CLANG_WARN__DUPLICATE_METHOD_MATCH = YES;
				COPY_PHASE_STRIP = NO;
				DEBUG_INFORMATION_FORMAT = "dwarf-with-dsym";
				ENABLE_NS_ASSERTIONS = NO;
				ENABLE_STRICT_OBJC_MSGSEND = YES;
				GCC_C_LANGUAGE_STANDARD = gnu11;
				GCC_NO_COMMON_BLOCKS = YES;
				GCC_WARN_64_TO_32_BIT_CONVERSION = YES;
				GCC_WARN_ABOUT_RETURN_TYPE = YES_ERROR;
				GCC_WARN_UNDECLARED_SELECTOR = YES;
				GCC_WARN_UNINITIALIZED_AUTOS = YES_AGGRESSIVE;
				GCC_WARN_UNUSED_FUNCTION = YES;
				GCC_WARN_UNUSED_VARIABLE = YES;
				IPHONEOS_DEPLOYMENT_TARGET = 16.4;
				MTL_ENABLE_DEBUG_INFO = NO;
				MTL_FAST_MATH = YES;
				SDKROOT = iphoneos;
				SWIFT_COMPILATION_MODE = wholemodule;
				SWIFT_OPTIMIZATION_LEVEL = "-O";
				VALIDATE_PRODUCT = YES;
			};
			name = Release;
		};
		183EE8C32A1FB35E0060B13C /* Debug */ = {
			isa = XCBuildConfiguration;
			buildSettings = {
				ASSETCATALOG_COMPILER_APPICON_NAME = AppIcon;
				ASSETCATALOG_COMPILER_GLOBAL_ACCENT_COLOR_NAME = AccentColor;
				CODE_SIGN_STYLE = Automatic;
				CURRENT_PROJECT_VERSION = 1;
				DEVELOPMENT_ASSET_PATHS = "\"iPurnicer/Preview Content\"";
				DEVELOPMENT_TEAM = 8W6F8JGKN9;
				ENABLE_PREVIEWS = YES;
				GENERATE_INFOPLIST_FILE = YES;
				INFOPLIST_KEY_NSCameraUsageDescription = "";
				INFOPLIST_KEY_UIApplicationSupportsIndirectInputEvents = YES;
				INFOPLIST_KEY_UILaunchScreen_Generation = YES;
				INFOPLIST_KEY_UIRequiredDeviceCapabilities = arkit;
				INFOPLIST_KEY_UIStatusBarHidden = YES;
				INFOPLIST_KEY_UISupportedInterfaceOrientations_iPad = "UIInterfaceOrientationPortrait UIInterfaceOrientationPortraitUpsideDown UIInterfaceOrientationLandscapeLeft UIInterfaceOrientationLandscapeRight";
				INFOPLIST_KEY_UISupportedInterfaceOrientations_iPhone = "UIInterfaceOrientationPortrait UIInterfaceOrientationLandscapeLeft UIInterfaceOrientationLandscapeRight";
				LD_RUNPATH_SEARCH_PATHS = (
					"$(inherited)",
					"@executable_path/Frameworks",
				);
				MARKETING_VERSION = 1.0;
				PRODUCT_BUNDLE_IDENTIFIER = com.agungsptr.iPurnicer;
				PRODUCT_NAME = "$(TARGET_NAME)";
				SWIFT_EMIT_LOC_STRINGS = YES;
				SWIFT_VERSION = 5.0;
				TARGETED_DEVICE_FAMILY = "1,2";
			};
			name = Debug;
		};
		183EE8C42A1FB35E0060B13C /* Release */ = {
			isa = XCBuildConfiguration;
			buildSettings = {
				ASSETCATALOG_COMPILER_APPICON_NAME = AppIcon;
				ASSETCATALOG_COMPILER_GLOBAL_ACCENT_COLOR_NAME = AccentColor;
				CODE_SIGN_STYLE = Automatic;
				CURRENT_PROJECT_VERSION = 1;
				DEVELOPMENT_ASSET_PATHS = "\"iPurnicer/Preview Content\"";
				DEVELOPMENT_TEAM = 8W6F8JGKN9;
				ENABLE_PREVIEWS = YES;
				GENERATE_INFOPLIST_FILE = YES;
				INFOPLIST_KEY_NSCameraUsageDescription = "";
				INFOPLIST_KEY_UIApplicationSupportsIndirectInputEvents = YES;
				INFOPLIST_KEY_UILaunchScreen_Generation = YES;
				INFOPLIST_KEY_UIRequiredDeviceCapabilities = arkit;
				INFOPLIST_KEY_UIStatusBarHidden = YES;
				INFOPLIST_KEY_UISupportedInterfaceOrientations_iPad = "UIInterfaceOrientationPortrait UIInterfaceOrientationPortraitUpsideDown UIInterfaceOrientationLandscapeLeft UIInterfaceOrientationLandscapeRight";
				INFOPLIST_KEY_UISupportedInterfaceOrientations_iPhone = "UIInterfaceOrientationPortrait UIInterfaceOrientationLandscapeLeft UIInterfaceOrientationLandscapeRight";
				LD_RUNPATH_SEARCH_PATHS = (
					"$(inherited)",
					"@executable_path/Frameworks",
				);
				MARKETING_VERSION = 1.0;
				PRODUCT_BUNDLE_IDENTIFIER = com.agungsptr.iPurnicer;
				PRODUCT_NAME = "$(TARGET_NAME)";
				SWIFT_EMIT_LOC_STRINGS = YES;
				SWIFT_VERSION = 5.0;
				TARGETED_DEVICE_FAMILY = "1,2";
			};
			name = Release;
		};
/* End XCBuildConfiguration section */

/* Begin XCConfigurationList section */
		183EE8AD2A1FB35D0060B13C /* Build configuration list for PBXProject "iPurnicer" */ = {
			isa = XCConfigurationList;
			buildConfigurations = (
				183EE8C02A1FB35E0060B13C /* Debug */,
				183EE8C12A1FB35E0060B13C /* Release */,
			);
			defaultConfigurationIsVisible = 0;
			defaultConfigurationName = Release;
		};
		183EE8C22A1FB35E0060B13C /* Build configuration list for PBXNativeTarget "iPurnicer" */ = {
			isa = XCConfigurationList;
			buildConfigurations = (
				183EE8C32A1FB35E0060B13C /* Debug */,
				183EE8C42A1FB35E0060B13C /* Release */,
			);
			defaultConfigurationIsVisible = 0;
			defaultConfigurationName = Release;
		};
/* End XCConfigurationList section */

/* Begin XCRemoteSwiftPackageReference section */
		183EE8EA2A1FB3C40060B13C /* XCRemoteSwiftPackageReference "FocusEntity" */ = {
			isa = XCRemoteSwiftPackageReference;
			repositoryURL = "https://github.com/maxxfrazer/FocusEntity";
			requirement = {
				kind = upToNextMajorVersion;
				minimumVersion = 2.0.0;
			};
		};
/* End XCRemoteSwiftPackageReference section */

/* Begin XCSwiftPackageProductDependency section */
		183EE8EB2A1FB3C40060B13C /* FocusEntity */ = {
			isa = XCSwiftPackageProductDependency;
			package = 183EE8EA2A1FB3C40060B13C /* XCRemoteSwiftPackageReference "FocusEntity" */;
			productName = FocusEntity;
		};
/* End XCSwiftPackageProductDependency section */
	};
	rootObject = 183EE8AA2A1FB35D0060B13C /* Project object */;
}
